
Microsoft Visual Studio Solution File, Format Version 12.00
# Visual Studio Version 17
VisualStudioVersion = 17.7.34031.279
MinimumVisualStudioVersion = 10.0.40219.1
Project("{8BC9CEB8-8B4A-11D0-8D11-00A0C91BC942}") = "Day 1", "Day 1\Day 1.vcxproj", "{58A0DDA4-EA5D-4F29-A6F6-66A4EA951F06}"
EndProject
Global
	GlobalSection(SolutionConfigurationPlatforms) = preSolution
		Debug|x64 = Debug|x64
		Debug|x86 = Debug|x86
		Release|x64 = Release|x64
		Release|x86 = Release|x86
	EndGlobalSection
	GlobalSection(ProjectConfigurationPlatforms) = postSolution
		{58A0DDA4-EA5D-4F29-A6F6-66A4EA951F06}.Debug|x64.ActiveCfg = Debug|x64
		{58A0DDA4-EA5D-4F29-A6F6-66A4EA951F06}.Debug|x64.Build.0 = Debug|x64
		{58A0DDA4-EA5D-4F29-A6F6-66A4EA951F06}.Debug|x86.ActiveCfg = Debug|Win32
		{58A0DDA4-EA5D-4F29-A6F6-66A4EA951F06}.Debug|x86.Build.0 = Debug|Win32
		{58A0DDA4-EA5D-4F29-A6F6-66A4EA951F06}.Release|x64.ActiveCfg = Release|x64
		{58A0DDA4-EA5D-4F29-A6F6-66A4EA951F06}.Release|x64.Build.0 = Release|x64
		{58A0DDA4-EA5D-4F29-A6F6-66A4EA951F06}.Release|x86.ActiveCfg = Release|Win32
		{58A0DDA4-EA5D-4F29-A6F6-66A4EA951F06}.Release|x86.Build.0 = Release|Win32
	EndGlobalSection
	GlobalSection(SolutionProperties) = preSolution
		HideSolutionNode = FALSE
	EndGlobalSection
	GlobalSection(ExtensibilityGlobals) = postSolution
		SolutionGuid = {F078C0C7-CE67-4626-B34F-705B5DB33D16}
	EndGlobalSection
EndGlobal
