
Microsoft Visual Studio Solution File, Format Version 12.00
# Visual Studio Version 17
VisualStudioVersion = 17.7.34031.279
MinimumVisualStudioVersion = 10.0.40219.1
Project("{8BC9CEB8-8B4A-11D0-8D11-00A0C91BC942}") = "Day 1", "Day 1\Day 1.vcxproj", "{58A0DDA4-EA5D-4F29-A6F6-66A4EA951F06}"
EndProject
Project("{8BC9CEB8-8B4A-11D0-8D11-00A0C91BC942}") = "Day 2", "Day 2\Day 2.vcxproj", "{5DD233BC-6247-41C5-B211-85304C854E3E}"
EndProject
Project("{8BC9CEB8-8B4A-11D0-8D11-00A0C91BC942}") = "Day 3", "Day3\Day3.vcxproj", "{F5E6361D-935B-4FE0-9E12-BECC90F85F7F}"
EndProject
Project("{8BC9CEB8-8B4A-11D0-8D11-00A0C91BC942}") = "Common", "Common\Common.vcxproj", "{C12E5B98-F0E9-4757-9320-9C494AD123CE}"
EndProject
Project("{8BC9CEB8-8B4A-11D0-8D11-00A0C91BC942}") = "Day 4", "Day 4\Day 4.vcxproj", "{1F516B1F-A163-4179-A4CE-8D85D15ADDC5}"
EndProject
Global
	GlobalSection(SolutionConfigurationPlatforms) = preSolution
		Debug|x64 = Debug|x64
		Debug|x86 = Debug|x86
		Release|x64 = Release|x64
		Release|x86 = Release|x86
	EndGlobalSection
	GlobalSection(ProjectConfigurationPlatforms) = postSolution
		{58A0DDA4-EA5D-4F29-A6F6-66A4EA951F06}.Debug|x64.ActiveCfg = Debug|x64
		{58A0DDA4-EA5D-4F29-A6F6-66A4EA951F06}.Debug|x64.Build.0 = Debug|x64
		{58A0DDA4-EA5D-4F29-A6F6-66A4EA951F06}.Debug|x86.ActiveCfg = Debug|Win32
		{58A0DDA4-EA5D-4F29-A6F6-66A4EA951F06}.Debug|x86.Build.0 = Debug|Win32
		{58A0DDA4-EA5D-4F29-A6F6-66A4EA951F06}.Release|x64.ActiveCfg = Release|x64
		{58A0DDA4-EA5D-4F29-A6F6-66A4EA951F06}.Release|x64.Build.0 = Release|x64
		{58A0DDA4-EA5D-4F29-A6F6-66A4EA951F06}.Release|x86.ActiveCfg = Release|Win32
		{58A0DDA4-EA5D-4F29-A6F6-66A4EA951F06}.Release|x86.Build.0 = Release|Win32
		{5DD233BC-6247-41C5-B211-85304C854E3E}.Debug|x64.ActiveCfg = Debug|x64
		{5DD233BC-6247-41C5-B211-85304C854E3E}.Debug|x64.Build.0 = Debug|x64
		{5DD233BC-6247-41C5-B211-85304C854E3E}.Debug|x86.ActiveCfg = Debug|Win32
		{5DD233BC-6247-41C5-B211-85304C854E3E}.Debug|x86.Build.0 = Debug|Win32
		{5DD233BC-6247-41C5-B211-85304C854E3E}.Release|x64.ActiveCfg = Release|x64
		{5DD233BC-6247-41C5-B211-85304C854E3E}.Release|x64.Build.0 = Release|x64
		{5DD233BC-6247-41C5-B211-85304C854E3E}.Release|x86.ActiveCfg = Release|Win32
		{5DD233BC-6247-41C5-B211-85304C854E3E}.Release|x86.Build.0 = Release|Win32
		{F5E6361D-935B-4FE0-9E12-BECC90F85F7F}.Debug|x64.ActiveCfg = Debug|x64
		{F5E6361D-935B-4FE0-9E12-BECC90F85F7F}.Debug|x64.Build.0 = Debug|x64
		{F5E6361D-935B-4FE0-9E12-BECC90F85F7F}.Debug|x86.ActiveCfg = Debug|Win32
		{F5E6361D-935B-4FE0-9E12-BECC90F85F7F}.Debug|x86.Build.0 = Debug|Win32
		{F5E6361D-935B-4FE0-9E12-BECC90F85F7F}.Release|x64.ActiveCfg = Release|x64
		{F5E6361D-935B-4FE0-9E12-BECC90F85F7F}.Release|x64.Build.0 = Release|x64
		{F5E6361D-935B-4FE0-9E12-BECC90F85F7F}.Release|x86.ActiveCfg = Release|Win32
		{F5E6361D-935B-4FE0-9E12-BECC90F85F7F}.Release|x86.Build.0 = Release|Win32
		{C12E5B98-F0E9-4757-9320-9C494AD123CE}.Debug|x64.ActiveCfg = Debug|x64
		{C12E5B98-F0E9-4757-9320-9C494AD123CE}.Debug|x64.Build.0 = Debug|x64
		{C12E5B98-F0E9-4757-9320-9C494AD123CE}.Debug|x86.ActiveCfg = Debug|Win32
		{C12E5B98-F0E9-4757-9320-9C494AD123CE}.Debug|x86.Build.0 = Debug|Win32
		{C12E5B98-F0E9-4757-9320-9C494AD123CE}.Release|x64.ActiveCfg = Release|x64
		{C12E5B98-F0E9-4757-9320-9C494AD123CE}.Release|x64.Build.0 = Release|x64
		{C12E5B98-F0E9-4757-9320-9C494AD123CE}.Release|x86.ActiveCfg = Release|Win32
		{C12E5B98-F0E9-4757-9320-9C494AD123CE}.Release|x86.Build.0 = Release|Win32
		{1F516B1F-A163-4179-A4CE-8D85D15ADDC5}.Debug|x64.ActiveCfg = Debug|x64
		{1F516B1F-A163-4179-A4CE-8D85D15ADDC5}.Debug|x64.Build.0 = Debug|x64
		{1F516B1F-A163-4179-A4CE-8D85D15ADDC5}.Debug|x86.ActiveCfg = Debug|Win32
		{1F516B1F-A163-4179-A4CE-8D85D15ADDC5}.Debug|x86.Build.0 = Debug|Win32
		{1F516B1F-A163-4179-A4CE-8D85D15ADDC5}.Release|x64.ActiveCfg = Release|x64
		{1F516B1F-A163-4179-A4CE-8D85D15ADDC5}.Release|x64.Build.0 = Release|x64
		{1F516B1F-A163-4179-A4CE-8D85D15ADDC5}.Release|x86.ActiveCfg = Release|Win32
		{1F516B1F-A163-4179-A4CE-8D85D15ADDC5}.Release|x86.Build.0 = Release|Win32
	EndGlobalSection
	GlobalSection(SolutionProperties) = preSolution
		HideSolutionNode = FALSE
	EndGlobalSection
	GlobalSection(ExtensibilityGlobals) = postSolution
		SolutionGuid = {F078C0C7-CE67-4626-B34F-705B5DB33D16}
	EndGlobalSection
EndGlobal
